// !$*UTF8*$!
{
	archiveVersion = 1;
	classes = {
	};
	objectVersion = 55;
	objects = {

/* Begin PBXBuildFile section */
		7D9C3E4B27FF484A00BC660B /* Alamofire in Frameworks */ = {isa = PBXBuildFile; productRef = 7D9C3E4A27FF484A00BC660B /* Alamofire */; };
		7DC9CA1427FB5B340008CC10 /* AppDelegate.swift in Sources */ = {isa = PBXBuildFile; fileRef = 7DC9CA1327FB5B340008CC10 /* AppDelegate.swift */; };
		7DC9CA1627FB5B340008CC10 /* SceneDelegate.swift in Sources */ = {isa = PBXBuildFile; fileRef = 7DC9CA1527FB5B340008CC10 /* SceneDelegate.swift */; };
		7DC9CA1827FB5B340008CC10 /* ViewController.swift in Sources */ = {isa = PBXBuildFile; fileRef = 7DC9CA1727FB5B340008CC10 /* ViewController.swift */; };
		7DC9CA1B27FB5B340008CC10 /* Main.storyboard in Resources */ = {isa = PBXBuildFile; fileRef = 7DC9CA1927FB5B340008CC10 /* Main.storyboard */; };
		7DC9CA1D27FB5B380008CC10 /* Assets.xcassets in Resources */ = {isa = PBXBuildFile; fileRef = 7DC9CA1C27FB5B380008CC10 /* Assets.xcassets */; };
		7DC9CA2027FB5B380008CC10 /* LaunchScreen.storyboard in Resources */ = {isa = PBXBuildFile; fileRef = 7DC9CA1E27FB5B380008CC10 /* LaunchScreen.storyboard */; };
		8765069E0372CEDC71DC8513 /* Pods_LiveCoding.framework in Frameworks */ = {isa = PBXBuildFile; fileRef = D62E5F26AB0A5C849892A2CF /* Pods_LiveCoding.framework */; };
/* End PBXBuildFile section */

/* Begin PBXFileReference section */
		3168D57D2EF9FEEB140D6032 /* Pods-LiveCoding.release.xcconfig */ = {isa = PBXFileReference; includeInIndex = 1; lastKnownFileType = text.xcconfig; name = "Pods-LiveCoding.release.xcconfig"; path = "Target Support Files/Pods-LiveCoding/Pods-LiveCoding.release.xcconfig"; sourceTree = "<group>"; };
		6171C07569F2F42DBD85C780 /* Pods-LiveCoding.debug.xcconfig */ = {isa = PBXFileReference; includeInIndex = 1; lastKnownFileType = text.xcconfig; name = "Pods-LiveCoding.debug.xcconfig"; path = "Target Support Files/Pods-LiveCoding/Pods-LiveCoding.debug.xcconfig"; sourceTree = "<group>"; };
		7DC9CA1027FB5B340008CC10 /* LiveCoding.app */ = {isa = PBXFileReference; explicitFileType = wrapper.application; includeInIndex = 0; path = LiveCoding.app; sourceTree = BUILT_PRODUCTS_DIR; };
		7DC9CA1327FB5B340008CC10 /* AppDelegate.swift */ = {isa = PBXFileReference; lastKnownFileType = sourcecode.swift; path = AppDelegate.swift; sourceTree = "<group>"; };
		7DC9CA1527FB5B340008CC10 /* SceneDelegate.swift */ = {isa = PBXFileReference; lastKnownFileType = sourcecode.swift; path = SceneDelegate.swift; sourceTree = "<group>"; };
		7DC9CA1727FB5B340008CC10 /* ViewController.swift */ = {isa = PBXFileReference; lastKnownFileType = sourcecode.swift; path = ViewController.swift; sourceTree = "<group>"; };
		7DC9CA1A27FB5B340008CC10 /* Base */ = {isa = PBXFileReference; lastKnownFileType = file.storyboard; name = Base; path = Base.lproj/Main.storyboard; sourceTree = "<group>"; };
		7DC9CA1C27FB5B380008CC10 /* Assets.xcassets */ = {isa = PBXFileReference; lastKnownFileType = folder.assetcatalog; path = Assets.xcassets; sourceTree = "<group>"; };
		7DC9CA1F27FB5B380008CC10 /* Base */ = {isa = PBXFileReference; lastKnownFileType = file.storyboard; name = Base; path = Base.lproj/LaunchScreen.storyboard; sourceTree = "<group>"; };
		7DC9CA2127FB5B380008CC10 /* Info.plist */ = {isa = PBXFileReference; lastKnownFileType = text.plist.xml; path = Info.plist; sourceTree = "<group>"; };
		D62E5F26AB0A5C849892A2CF /* Pods_LiveCoding.framework */ = {isa = PBXFileReference; explicitFileType = wrapper.framework; includeInIndex = 0; path = Pods_LiveCoding.framework; sourceTree = BUILT_PRODUCTS_DIR; };
/* End PBXFileReference section */

/* Begin PBXFrameworksBuildPhase section */
		7DC9CA0D27FB5B340008CC10 /* Frameworks */ = {
			isa = PBXFrameworksBuildPhase;
			buildActionMask = 2147483647;
			files = (
				8765069E0372CEDC71DC8513 /* Pods_LiveCoding.framework in Frameworks */,
				7D9C3E4B27FF484A00BC660B /* Alamofire in Frameworks */,
			);
			runOnlyForDeploymentPostprocessing = 0;
		};
/* End PBXFrameworksBuildPhase section */

/* Begin PBXGroup section */
		0F1E1793E685955F5254E6E5 /* Pods */ = {
			isa = PBXGroup;
			children = (
				6171C07569F2F42DBD85C780 /* Pods-LiveCoding.debug.xcconfig */,
				3168D57D2EF9FEEB140D6032 /* Pods-LiveCoding.release.xcconfig */,
			);
			path = Pods;
			sourceTree = "<group>";
		};
		7DC9CA0727FB5B340008CC10 = {
			isa = PBXGroup;
			children = (
				7DC9CA1227FB5B340008CC10 /* LiveCoding */,
				7DC9CA1127FB5B340008CC10 /* Products */,
				0F1E1793E685955F5254E6E5 /* Pods */,
				C0BE5FA724723975C32AEF64 /* Frameworks */,
			);
			sourceTree = "<group>";
		};
		7DC9CA1127FB5B340008CC10 /* Products */ = {
			isa = PBXGroup;
			children = (
				7DC9CA1027FB5B340008CC10 /* LiveCoding.app */,
			);
			name = Products;
			sourceTree = "<group>";
		};
		7DC9CA1227FB5B340008CC10 /* LiveCoding */ = {
			isa = PBXGroup;
			children = (
				7DC9CA1327FB5B340008CC10 /* AppDelegate.swift */,
				7DC9CA1527FB5B340008CC10 /* SceneDelegate.swift */,
				7DC9CA1727FB5B340008CC10 /* ViewController.swift */,
				7DC9CA1927FB5B340008CC10 /* Main.storyboard */,
				7DC9CA1C27FB5B380008CC10 /* Assets.xcassets */,
				7DC9CA1E27FB5B380008CC10 /* LaunchScreen.storyboard */,
				7DC9CA2127FB5B380008CC10 /* Info.plist */,
			);
			path = LiveCoding;
			sourceTree = "<group>";
		};
		C0BE5FA724723975C32AEF64 /* Frameworks */ = {
			isa = PBXGroup;
			children = (
				D62E5F26AB0A5C849892A2CF /* Pods_LiveCoding.framework */,
			);
			name = Frameworks;
			sourceTree = "<group>";
		};
/* End PBXGroup section */

/* Begin PBXNativeTarget section */
		7DC9CA0F27FB5B340008CC10 /* LiveCoding */ = {
			isa = PBXNativeTarget;
			buildConfigurationList = 7DC9CA2427FB5B380008CC10 /* Build configuration list for PBXNativeTarget "LiveCoding" */;
			buildPhases = (
				8339E8667FB05F93DDEB1DF7 /* [CP] Check Pods Manifest.lock */,
				7DC9CA0C27FB5B340008CC10 /* Sources */,
				7DC9CA0D27FB5B340008CC10 /* Frameworks */,
				7DC9CA0E27FB5B340008CC10 /* Resources */,
				D5828E1AD5833C6CCD3FB471 /* [CP] Embed Pods Frameworks */,
			);
			buildRules = (
			);
			dependencies = (
			);
			name = LiveCoding;
			packageProductDependencies = (
				7D9C3E4A27FF484A00BC660B /* Alamofire */,
			);
			productName = LiveCoding;
			productReference = 7DC9CA1027FB5B340008CC10 /* LiveCoding.app */;
			productType = "com.apple.product-type.application";
		};
/* End PBXNativeTarget section */

/* Begin PBXProject section */
		7DC9CA0827FB5B340008CC10 /* Project object */ = {
			isa = PBXProject;
			attributes = {
				BuildIndependentTargetsInParallel = 1;
				LastSwiftUpdateCheck = 1330;
				LastUpgradeCheck = 1330;
				TargetAttributes = {
					7DC9CA0F27FB5B340008CC10 = {
						CreatedOnToolsVersion = 13.3;
					};
				};
			};
			buildConfigurationList = 7DC9CA0B27FB5B340008CC10 /* Build configuration list for PBXProject "LiveCoding" */;
			compatibilityVersion = "Xcode 13.0";
			developmentRegion = en;
			hasScannedForEncodings = 0;
			knownRegions = (
				en,
				Base,
			);
			mainGroup = 7DC9CA0727FB5B340008CC10;
			packageReferences = (
				7D9C3E4927FF484A00BC660B /* XCRemoteSwiftPackageReference "Alamofire" */,
			);
			productRefGroup = 7DC9CA1127FB5B340008CC10 /* Products */;
			projectDirPath = "";
			projectRoot = "";
			targets = (
				7DC9CA0F27FB5B340008CC10 /* LiveCoding */,
			);
		};
/* End PBXProject section */

/* Begin PBXResourcesBuildPhase section */
		7DC9CA0E27FB5B340008CC10 /* Resources */ = {
			isa = PBXResourcesBuildPhase;
			buildActionMask = 2147483647;
			files = (
				7DC9CA2027FB5B380008CC10 /* LaunchScreen.storyboard in Resources */,
				7DC9CA1D27FB5B380008CC10 /* Assets.xcassets in Resources */,
				7DC9CA1B27FB5B340008CC10 /* Main.storyboard in Resources */,
			);
			runOnlyForDeploymentPostprocessing = 0;
		};
/* End PBXResourcesBuildPhase section */

/* Begin PBXShellScriptBuildPhase section */
		8339E8667FB05F93DDEB1DF7 /* [CP] Check Pods Manifest.lock */ = {
			isa = PBXShellScriptBuildPhase;
			buildActionMask = 2147483647;
			files = (
			);
			inputFileListPaths = (
			);
			inputPaths = (
				"${PODS_PODFILE_DIR_PATH}/Podfile.lock",
				"${PODS_ROOT}/Manifest.lock",
			);
			name = "[CP] Check Pods Manifest.lock";
			outputFileListPaths = (
			);
			outputPaths = (
				"$(DERIVED_FILE_DIR)/Pods-LiveCoding-checkManifestLockResult.txt",
			);
			runOnlyForDeploymentPostprocessing = 0;
			shellPath = /bin/sh;
			shellScript = "diff \"${PODS_PODFILE_DIR_PATH}/Podfile.lock\" \"${PODS_ROOT}/Manifest.lock\" > /dev/null\nif [ $? != 0 ] ; then\n    # print error to STDERR\n    echo \"error: The sandbox is not in sync with the Podfile.lock. Run 'pod install' or update your CocoaPods installation.\" >&2\n    exit 1\nfi\n# This output is used by Xcode 'outputs' to avoid re-running this script phase.\necho \"SUCCESS\" > \"${SCRIPT_OUTPUT_FILE_0}\"\n";
			showEnvVarsInLog = 0;
		};
		D5828E1AD5833C6CCD3FB471 /* [CP] Embed Pods Frameworks */ = {
			isa = PBXShellScriptBuildPhase;
			buildActionMask = 2147483647;
			files = (
			);
			inputFileListPaths = (
				"${PODS_ROOT}/Target Support Files/Pods-LiveCoding/Pods-LiveCoding-frameworks-${CONFIGURATION}-input-files.xcfilelist",
			);
			name = "[CP] Embed Pods Frameworks";
			outputFileListPaths = (
				"${PODS_ROOT}/Target Support Files/Pods-LiveCoding/Pods-LiveCoding-frameworks-${CONFIGURATION}-output-files.xcfilelist",
			);
			runOnlyForDeploymentPostprocessing = 0;
			shellPath = /bin/sh;
			shellScript = "\"${PODS_ROOT}/Target Support Files/Pods-LiveCoding/Pods-LiveCoding-frameworks.sh\"\n";
			showEnvVarsInLog = 0;
		};
/* End PBXShellScriptBuildPhase section */

/* Begin PBXSourcesBuildPhase section */
		7DC9CA0C27FB5B340008CC10 /* Sources */ = {
			isa = PBXSourcesBuildPhase;
			buildActionMask = 2147483647;
			files = (
				7DC9CA1827FB5B340008CC10 /* ViewController.swift in Sources */,
				7DC9CA1427FB5B340008CC10 /* AppDelegate.swift in Sources */,
				7DC9CA1627FB5B340008CC10 /* SceneDelegate.swift in Sources */,
			);
			runOnlyForDeploymentPostprocessing = 0;
		};
/* End PBXSourcesBuildPhase section */

/* Begin PBXVariantGroup section */
		7DC9CA1927FB5B340008CC10 /* Main.storyboard */ = {
			isa = PBXVariantGroup;
			children = (
				7DC9CA1A27FB5B340008CC10 /* Base */,
			);
			name = Main.storyboard;
			sourceTree = "<group>";
		};
		7DC9CA1E27FB5B380008CC10 /* LaunchScreen.storyboard */ = {
			isa = PBXVariantGroup;
			children = (
				7DC9CA1F27FB5B380008CC10 /* Base */,
			);
			name = LaunchScreen.storyboard;
			sourceTree = "<group>";
		};
/* End PBXVariantGroup section */

/* Begin XCBuildConfiguration section */
		7DC9CA2227FB5B380008CC10 /* Debug */ = {
			isa = XCBuildConfiguration;
			buildSettings = {
				ALWAYS_SEARCH_USER_PATHS = NO;
				CLANG_ANALYZER_NONNULL = YES;
				CLANG_ANALYZER_NUMBER_OBJECT_CONVERSION = YES_AGGRESSIVE;
				CLANG_CXX_LANGUAGE_STANDARD = "gnu++17";
				CLANG_ENABLE_MODULES = YES;
				CLANG_ENABLE_OBJC_ARC = YES;
				CLANG_ENABLE_OBJC_WEAK = YES;
				CLANG_WARN_BLOCK_CAPTURE_AUTORELEASING = YES;
				CLANG_WARN_BOOL_CONVERSION = YES;
				CLANG_WARN_COMMA = YES;
				CLANG_WARN_CONSTANT_CONVERSION = YES;
				CLANG_WARN_DEPRECATED_OBJC_IMPLEMENTATIONS = YES;
				CLANG_WARN_DIRECT_OBJC_ISA_USAGE = YES_ERROR;
				CLANG_WARN_DOCUMENTATION_COMMENTS = YES;
				CLANG_WARN_EMPTY_BODY = YES;
				CLANG_WARN_ENUM_CONVERSION = YES;
				CLANG_WARN_INFINITE_RECURSION = YES;
				CLANG_WARN_INT_CONVERSION = YES;
				CLANG_WARN_NON_LITERAL_NULL_CONVERSION = YES;
				CLANG_WARN_OBJC_IMPLICIT_RETAIN_SELF = YES;
				CLANG_WARN_OBJC_LITERAL_CONVERSION = YES;
				CLANG_WARN_OBJC_ROOT_CLASS = YES_ERROR;
				CLANG_WARN_QUOTED_INCLUDE_IN_FRAMEWORK_HEADER = YES;
				CLANG_WARN_RANGE_LOOP_ANALYSIS = YES;
				CLANG_WARN_STRICT_PROTOTYPES = YES;
				CLANG_WARN_SUSPICIOUS_MOVE = YES;
				CLANG_WARN_UNGUARDED_AVAILABILITY = YES_AGGRESSIVE;
				CLANG_WARN_UNREACHABLE_CODE = YES;
				CLANG_WARN__DUPLICATE_METHOD_MATCH = YES;
				COPY_PHASE_STRIP = NO;
				DEBUG_INFORMATION_FORMAT = dwarf;
				ENABLE_STRICT_OBJC_MSGSEND = YES;
				ENABLE_TESTABILITY = YES;
				GCC_C_LANGUAGE_STANDARD = gnu11;
				GCC_DYNAMIC_NO_PIC = NO;
				GCC_NO_COMMON_BLOCKS = YES;
				GCC_OPTIMIZATION_LEVEL = 0;
				GCC_PREPROCESSOR_DEFINITIONS = (
					"DEBUG=1",
					"$(inherited)",
				);
				GCC_WARN_64_TO_32_BIT_CONVERSION = YES;
				GCC_WARN_ABOUT_RETURN_TYPE = YES_ERROR;
				GCC_WARN_UNDECLARED_SELECTOR = YES;
				GCC_WARN_UNINITIALIZED_AUTOS = YES_AGGRESSIVE;
				GCC_WARN_UNUSED_FUNCTION = YES;
				GCC_WARN_UNUSED_VARIABLE = YES;
				IPHONEOS_DEPLOYMENT_TARGET = 15.4;
				MTL_ENABLE_DEBUG_INFO = INCLUDE_SOURCE;
				MTL_FAST_MATH = YES;
				ONLY_ACTIVE_ARCH = YES;
				SDKROOT = iphoneos;
				SWIFT_ACTIVE_COMPILATION_CONDITIONS = DEBUG;
				SWIFT_OPTIMIZATION_LEVEL = "-Onone";
			};
			name = Debug;
		};
		7DC9CA2327FB5B380008CC10 /* Release */ = {
			isa = XCBuildConfiguration;
			buildSettings = {
				ALWAYS_SEARCH_USER_PATHS = NO;
				CLANG_ANALYZER_NONNULL = YES;
				CLANG_ANALYZER_NUMBER_OBJECT_CONVERSION = YES_AGGRESSIVE;
				CLANG_CXX_LANGUAGE_STANDARD = "gnu++17";
				CLANG_ENABLE_MODULES = YES;
				CLANG_ENABLE_OBJC_ARC = YES;
				CLANG_ENABLE_OBJC_WEAK = YES;
				CLANG_WARN_BLOCK_CAPTURE_AUTORELEASING = YES;
				CLANG_WARN_BOOL_CONVERSION = YES;
				CLANG_WARN_COMMA = YES;
				CLANG_WARN_CONSTANT_CONVERSION = YES;
				CLANG_WARN_DEPRECATED_OBJC_IMPLEMENTATIONS = YES;
				CLANG_WARN_DIRECT_OBJC_ISA_USAGE = YES_ERROR;
				CLANG_WARN_DOCUMENTATION_COMMENTS = YES;
				CLANG_WARN_EMPTY_BODY = YES;
				CLANG_WARN_ENUM_CONVERSION = YES;
				CLANG_WARN_INFINITE_RECURSION = YES;
				CLANG_WARN_INT_CONVERSION = YES;
				CLANG_WARN_NON_LITERAL_NULL_CONVERSION = YES;
				CLANG_WARN_OBJC_IMPLICIT_RETAIN_SELF = YES;
				CLANG_WARN_OBJC_LITERAL_CONVERSION = YES;
				CLANG_WARN_OBJC_ROOT_CLASS = YES_ERROR;
				CLANG_WARN_QUOTED_INCLUDE_IN_FRAMEWORK_HEADER = YES;
				CLANG_WARN_RANGE_LOOP_ANALYSIS = YES;
				CLANG_WARN_STRICT_PROTOTYPES = YES;
				CLANG_WARN_SUSPICIOUS_MOVE = YES;
				CLANG_WARN_UNGUARDED_AVAILABILITY = YES_AGGRESSIVE;
				CLANG_WARN_UNREACHABLE_CODE = YES;
				CLANG_WARN__DUPLICATE_METHOD_MATCH = YES;
				COPY_PHASE_STRIP = NO;
				DEBUG_INFORMATION_FORMAT = "dwarf-with-dsym";
				ENABLE_NS_ASSERTIONS = NO;
				ENABLE_STRICT_OBJC_MSGSEND = YES;
				GCC_C_LANGUAGE_STANDARD = gnu11;
				GCC_NO_COMMON_BLOCKS = YES;
				GCC_WARN_64_TO_32_BIT_CONVERSION = YES;
				GCC_WARN_ABOUT_RETURN_TYPE = YES_ERROR;
				GCC_WARN_UNDECLARED_SELECTOR = YES;
				GCC_WARN_UNINITIALIZED_AUTOS = YES_AGGRESSIVE;
				GCC_WARN_UNUSED_FUNCTION = YES;
				GCC_WARN_UNUSED_VARIABLE = YES;
				IPHONEOS_DEPLOYMENT_TARGET = 15.4;
				MTL_ENABLE_DEBUG_INFO = NO;
				MTL_FAST_MATH = YES;
				SDKROOT = iphoneos;
				SWIFT_COMPILATION_MODE = wholemodule;
				SWIFT_OPTIMIZATION_LEVEL = "-O";
				VALIDATE_PRODUCT = YES;
			};
			name = Release;
		};
		7DC9CA2527FB5B380008CC10 /* Debug */ = {
			isa = XCBuildConfiguration;
			baseConfigurationReference = 6171C07569F2F42DBD85C780 /* Pods-LiveCoding.debug.xcconfig */;
			buildSettings = {
				ASSETCATALOG_COMPILER_APPICON_NAME = AppIcon;
				ASSETCATALOG_COMPILER_GLOBAL_ACCENT_COLOR_NAME = AccentColor;
				CODE_SIGN_STYLE = Automatic;
				CURRENT_PROJECT_VERSION = 1;
				DEVELOPMENT_TEAM = H9ZYR77D4Z;
				GENERATE_INFOPLIST_FILE = YES;
				INFOPLIST_FILE = LiveCoding/Info.plist;
				INFOPLIST_KEY_UIApplicationSupportsIndirectInputEvents = YES;
				INFOPLIST_KEY_UILaunchStoryboardName = LaunchScreen;
				INFOPLIST_KEY_UIMainStoryboardFile = Main;
				INFOPLIST_KEY_UISupportedInterfaceOrientations_iPad = "UIInterfaceOrientationPortrait UIInterfaceOrientationPortraitUpsideDown UIInterfaceOrientationLandscapeLeft UIInterfaceOrientationLandscapeRight";
				INFOPLIST_KEY_UISupportedInterfaceOrientations_iPhone = "UIInterfaceOrientationPortrait UIInterfaceOrientationLandscapeLeft UIInterfaceOrientationLandscapeRight";
				LD_RUNPATH_SEARCH_PATHS = (
					"$(inherited)",
					"@executable_path/Frameworks",
				);
				MARKETING_VERSION = 1.0;
				PRODUCT_BUNDLE_IDENTIFIER = enhancedit.com.LiveCoding;
				PRODUCT_NAME = "$(TARGET_NAME)";
				SWIFT_EMIT_LOC_STRINGS = YES;
				SWIFT_VERSION = 5.0;
				TARGETED_DEVICE_FAMILY = 1;
			};
			name = Debug;
		};
		7DC9CA2627FB5B380008CC10 /* Release */ = {
			isa = XCBuildConfiguration;
			baseConfigurationReference = 3168D57D2EF9FEEB140D6032 /* Pods-LiveCoding.release.xcconfig */;
			buildSettings = {
				ASSETCATALOG_COMPILER_APPICON_NAME = AppIcon;
				ASSETCATALOG_COMPILER_GLOBAL_ACCENT_COLOR_NAME = AccentColor;
				CODE_SIGN_STYLE = Automatic;
				CURRENT_PROJECT_VERSION = 1;
				DEVELOPMENT_TEAM = H9ZYR77D4Z;
				GENERATE_INFOPLIST_FILE = YES;
				INFOPLIST_FILE = LiveCoding/Info.plist;
				INFOPLIST_KEY_UIApplicationSupportsIndirectInputEvents = YES;
				INFOPLIST_KEY_UILaunchStoryboardName = LaunchScreen;
				INFOPLIST_KEY_UIMainStoryboardFile = Main;
				INFOPLIST_KEY_UISupportedInterfaceOrientations_iPad = "UIInterfaceOrientationPortrait UIInterfaceOrientationPortraitUpsideDown UIInterfaceOrientationLandscapeLeft UIInterfaceOrientationLandscapeRight";
				INFOPLIST_KEY_UISupportedInterfaceOrientations_iPhone = "UIInterfaceOrientationPortrait UIInterfaceOrientationLandscapeLeft UIInterfaceOrientationLandscapeRight";
				LD_RUNPATH_SEARCH_PATHS = (
					"$(inherited)",
					"@executable_path/Frameworks",
				);
				MARKETING_VERSION = 1.0;
				PRODUCT_BUNDLE_IDENTIFIER = enhancedit.com.LiveCoding;
				PRODUCT_NAME = "$(TARGET_NAME)";
				SWIFT_EMIT_LOC_STRINGS = YES;
				SWIFT_VERSION = 5.0;
				TARGETED_DEVICE_FAMILY = 1;
			};
			name = Release;
		};
/* End XCBuildConfiguration section */

/* Begin XCConfigurationList section */
		7DC9CA0B27FB5B340008CC10 /* Build configuration list for PBXProject "LiveCoding" */ = {
			isa = XCConfigurationList;
			buildConfigurations = (
				7DC9CA2227FB5B380008CC10 /* Debug */,
				7DC9CA2327FB5B380008CC10 /* Release */,
			);
			defaultConfigurationIsVisible = 0;
			defaultConfigurationName = Release;
		};
		7DC9CA2427FB5B380008CC10 /* Build configuration list for PBXNativeTarget "LiveCoding" */ = {
			isa = XCConfigurationList;
			buildConfigurations = (
				7DC9CA2527FB5B380008CC10 /* Debug */,
				7DC9CA2627FB5B380008CC10 /* Release */,
			);
			defaultConfigurationIsVisible = 0;
			defaultConfigurationName = Release;
		};
/* End XCConfigurationList section */

/* Begin XCRemoteSwiftPackageReference section */
		7D9C3E4927FF484A00BC660B /* XCRemoteSwiftPackageReference "Alamofire" */ = {
			isa = XCRemoteSwiftPackageReference;
			repositoryURL = "https://github.com/Alamofire/Alamofire";
			requirement = {
				kind = upToNextMajorVersion;
				minimumVersion = 5.0.0;
			};
		};
/* End XCRemoteSwiftPackageReference section */

/* Begin XCSwiftPackageProductDependency section */
		7D9C3E4A27FF484A00BC660B /* Alamofire */ = {
			isa = XCSwiftPackageProductDependency;
			package = 7D9C3E4927FF484A00BC660B /* XCRemoteSwiftPackageReference "Alamofire" */;
			productName = Alamofire;
		};
/* End XCSwiftPackageProductDependency section */
	};
	rootObject = 7DC9CA0827FB5B340008CC10 /* Project object */;
}
